// !$*UTF8*$!
{
	archiveVersion = 1;
	classes = {
	};
	objectVersion = 55;
	objects = {

/* Begin PBXBuildFile section */
		E01A156328B7CDDB0024D191 /* Problem383.swift in Sources */ = {isa = PBXBuildFile; fileRef = E01A156228B7CDDB0024D191 /* Problem383.swift */; };
		E01A156428B7CDDB0024D191 /* Problem383.swift in Sources */ = {isa = PBXBuildFile; fileRef = E01A156228B7CDDB0024D191 /* Problem383.swift */; };
		E01A156728B7D1BE0024D191 /* ProblemSelection700to799.swift in Sources */ = {isa = PBXBuildFile; fileRef = E01A156628B7D1BE0024D191 /* ProblemSelection700to799.swift */; };
		E01A156928B7D1CB0024D191 /* Problem747.swift in Sources */ = {isa = PBXBuildFile; fileRef = E01A156828B7D1CB0024D191 /* Problem747.swift */; };
		E01A156A28B7D1CB0024D191 /* Problem747.swift in Sources */ = {isa = PBXBuildFile; fileRef = E01A156828B7D1CB0024D191 /* Problem747.swift */; };
		E01A156C28B7D3BB0024D191 /* Problems700to799.swift in Sources */ = {isa = PBXBuildFile; fileRef = E01A156B28B7D3BB0024D191 /* Problems700to799.swift */; };
		E01A156F28B7D9B10024D191 /* ProblemSelection2300to2399.swift in Sources */ = {isa = PBXBuildFile; fileRef = E01A156E28B7D9B10024D191 /* ProblemSelection2300to2399.swift */; };
		E01A157228B7D9C30024D191 /* Problem2315.swift in Sources */ = {isa = PBXBuildFile; fileRef = E01A157128B7D9C30024D191 /* Problem2315.swift */; };
		E01A157328B7D9C30024D191 /* Problem2315.swift in Sources */ = {isa = PBXBuildFile; fileRef = E01A157128B7D9C30024D191 /* Problem2315.swift */; };
		E01A157528B7DAE10024D191 /* Problems2300to2399.swift in Sources */ = {isa = PBXBuildFile; fileRef = E01A157428B7DAE10024D191 /* Problems2300to2399.swift */; };
		E025F35728C0E39400DB4973 /* ProblemSelection1400to1499.swift in Sources */ = {isa = PBXBuildFile; fileRef = E025F35628C0E39400DB4973 /* ProblemSelection1400to1499.swift */; };
		E025F35928C0E3A600DB4973 /* Problem1448.swift in Sources */ = {isa = PBXBuildFile; fileRef = E025F35828C0E3A600DB4973 /* Problem1448.swift */; };
		E025F35A28C0E3A900DB4973 /* Problem1448.swift in Sources */ = {isa = PBXBuildFile; fileRef = E025F35828C0E3A600DB4973 /* Problem1448.swift */; };
		E025F35C28C0EE6700DB4973 /* Problems1400to1499.swift in Sources */ = {isa = PBXBuildFile; fileRef = E025F35B28C0EE6700DB4973 /* Problems1400to1499.swift */; };
		E02BE6B028B513B7006EF502 /* Problems1to99.swift in Sources */ = {isa = PBXBuildFile; fileRef = E02BE6AF28B513B7006EF502 /* Problems1to99.swift */; };
		E02BE6B128B513E7006EF502 /* Problem1.swift in Sources */ = {isa = PBXBuildFile; fileRef = E0BB6ED728B463E800204705 /* Problem1.swift */; };
		E02BE6B228B513E9006EF502 /* Problem26.swift in Sources */ = {isa = PBXBuildFile; fileRef = E0BB6EDA28B4665C00204705 /* Problem26.swift */; };
		E02BE6B728B51726006EF502 /* Problem274.swift in Sources */ = {isa = PBXBuildFile; fileRef = E02BE6B628B51726006EF502 /* Problem274.swift */; };
		E02BE6B928B517FD006EF502 /* Problems200to299.swift in Sources */ = {isa = PBXBuildFile; fileRef = E02BE6B828B517FD006EF502 /* Problems200to299.swift */; };
		E02BE6BA28B51800006EF502 /* Problem274.swift in Sources */ = {isa = PBXBuildFile; fileRef = E02BE6B628B51726006EF502 /* Problem274.swift */; };
		E02BE6BF28B51929006EF502 /* Problem304.swift in Sources */ = {isa = PBXBuildFile; fileRef = E02BE6BE28B51929006EF502 /* Problem304.swift */; };
		E02BE6C128B51A68006EF502 /* Problems300to399.swift in Sources */ = {isa = PBXBuildFile; fileRef = E02BE6C028B51A68006EF502 /* Problems300to399.swift */; };
		E02BE6C228B51A6A006EF502 /* Problem304.swift in Sources */ = {isa = PBXBuildFile; fileRef = E02BE6BE28B51929006EF502 /* Problem304.swift */; };
		E02BE6C428B51B5C006EF502 /* Problem334.swift in Sources */ = {isa = PBXBuildFile; fileRef = E02BE6C328B51B5C006EF502 /* Problem334.swift */; };
		E02BE6C528B51CAD006EF502 /* Problem334.swift in Sources */ = {isa = PBXBuildFile; fileRef = E02BE6C328B51B5C006EF502 /* Problem334.swift */; };
		E02BE6C728B51D4D006EF502 /* Problem342.swift in Sources */ = {isa = PBXBuildFile; fileRef = E02BE6C628B51D4D006EF502 /* Problem342.swift */; };
		E02BE6C828B51EAF006EF502 /* Problem342.swift in Sources */ = {isa = PBXBuildFile; fileRef = E02BE6C628B51D4D006EF502 /* Problem342.swift */; };
		E02BE6CB28B51F2D006EF502 /* Problem476.swift in Sources */ = {isa = PBXBuildFile; fileRef = E02BE6CA28B51F2D006EF502 /* Problem476.swift */; };
		E02BE6CC28B51F2D006EF502 /* Problem476.swift in Sources */ = {isa = PBXBuildFile; fileRef = E02BE6CA28B51F2D006EF502 /* Problem476.swift */; };
		E02BE6D128B52015006EF502 /* Problems400to499.swift in Sources */ = {isa = PBXBuildFile; fileRef = E02BE6D028B52015006EF502 /* Problems400to499.swift */; };
		E02BE6D428B521A1006EF502 /* ListNode.swift in Sources */ = {isa = PBXBuildFile; fileRef = E02BE6D328B521A1006EF502 /* ListNode.swift */; };
		E02BE6D528B521A1006EF502 /* ListNode.swift in Sources */ = {isa = PBXBuildFile; fileRef = E02BE6D328B521A1006EF502 /* ListNode.swift */; };
		E02BE6D728B52229006EF502 /* Problem2.swift in Sources */ = {isa = PBXBuildFile; fileRef = E02BE6D628B52229006EF502 /* Problem2.swift */; };
		E02BE6D828B52229006EF502 /* Problem2.swift in Sources */ = {isa = PBXBuildFile; fileRef = E02BE6D628B52229006EF502 /* Problem2.swift */; };
		E02BE6DA28B52A6E006EF502 /* Problem234.swift in Sources */ = {isa = PBXBuildFile; fileRef = E02BE6D928B52A6E006EF502 /* Problem234.swift */; };
		E02BE6DB28B52A6E006EF502 /* Problem234.swift in Sources */ = {isa = PBXBuildFile; fileRef = E02BE6D928B52A6E006EF502 /* Problem234.swift */; };
		E02BE6DD28B52CFB006EF502 /* ListNodeExtensions.swift in Sources */ = {isa = PBXBuildFile; fileRef = E02BE6DC28B52CFB006EF502 /* ListNodeExtensions.swift */; };
		E02BE6DE28B52CFB006EF502 /* ListNodeExtensions.swift in Sources */ = {isa = PBXBuildFile; fileRef = E02BE6DC28B52CFB006EF502 /* ListNodeExtensions.swift */; };
		E030FE8C28BAEC8700B61D7E /* ProblemSelection1300to1399.swift in Sources */ = {isa = PBXBuildFile; fileRef = E030FE8B28BAEC8700B61D7E /* ProblemSelection1300to1399.swift */; };
		E030FE8E28BAECC900B61D7E /* Problem1329.swift in Sources */ = {isa = PBXBuildFile; fileRef = E030FE8D28BAECC900B61D7E /* Problem1329.swift */; };
		E030FE8F28BAECC900B61D7E /* Problem1329.swift in Sources */ = {isa = PBXBuildFile; fileRef = E030FE8D28BAECC900B61D7E /* Problem1329.swift */; };
		E033FA4D28B912A500A64A87 /* ProblemSelection800to899.swift in Sources */ = {isa = PBXBuildFile; fileRef = E033FA4C28B912A500A64A87 /* ProblemSelection800to899.swift */; };
		E033FA4F28B912B800A64A87 /* Problem869.swift in Sources */ = {isa = PBXBuildFile; fileRef = E033FA4E28B912B800A64A87 /* Problem869.swift */; };
		E033FA5028B912B800A64A87 /* Problem869.swift in Sources */ = {isa = PBXBuildFile; fileRef = E033FA4E28B912B800A64A87 /* Problem869.swift */; };
		E033FA5228B915E900A64A87 /* Problems800to899.swift in Sources */ = {isa = PBXBuildFile; fileRef = E033FA5128B915E900A64A87 /* Problems800to899.swift */; };
		E033FA5428B93EFF00A64A87 /* Problem300.swift in Sources */ = {isa = PBXBuildFile; fileRef = E033FA5328B93EFF00A64A87 /* Problem300.swift */; };
		E033FA5528B93EFF00A64A87 /* Problem300.swift in Sources */ = {isa = PBXBuildFile; fileRef = E033FA5328B93EFF00A64A87 /* Problem300.swift */; };
		E04001EF28B5560200250BC3 /* Problem4.swift in Sources */ = {isa = PBXBuildFile; fileRef = E04001EE28B5560200250BC3 /* Problem4.swift */; };
		E04001F028B5560200250BC3 /* Problem4.swift in Sources */ = {isa = PBXBuildFile; fileRef = E04001EE28B5560200250BC3 /* Problem4.swift */; };
		E04001F328B559FE00250BC3 /* Problem1266.swift in Sources */ = {isa = PBXBuildFile; fileRef = E04001F228B559FD00250BC3 /* Problem1266.swift */; };
		E04001F428B559FE00250BC3 /* Problem1266.swift in Sources */ = {isa = PBXBuildFile; fileRef = E04001F228B559FD00250BC3 /* Problem1266.swift */; };
		E04001F928B55C1400250BC3 /* Problems1200to1299.swift in Sources */ = {isa = PBXBuildFile; fileRef = E04001F828B55C1400250BC3 /* Problems1200to1299.swift */; };
		E04001FC28B5B08E00250BC3 /* Problem1044.swift in Sources */ = {isa = PBXBuildFile; fileRef = E04001FB28B5B08E00250BC3 /* Problem1044.swift */; };
		E04001FD28B5B08E00250BC3 /* Problem1044.swift in Sources */ = {isa = PBXBuildFile; fileRef = E04001FB28B5B08E00250BC3 /* Problem1044.swift */; };
		E040020128B651CD00250BC3 /* Problems1000to1099.swift in Sources */ = {isa = PBXBuildFile; fileRef = E040020028B651CD00250BC3 /* Problems1000to1099.swift */; };
		E040020328B6533600250BC3 /* Problem326.swift in Sources */ = {isa = PBXBuildFile; fileRef = E040020228B6533600250BC3 /* Problem326.swift */; };
		E040020428B6553400250BC3 /* Problem326.swift in Sources */ = {isa = PBXBuildFile; fileRef = E040020228B6533600250BC3 /* Problem326.swift */; };
		E040020628B65D8F00250BC3 /* TreeNode.swift in Sources */ = {isa = PBXBuildFile; fileRef = E040020528B65D8F00250BC3 /* TreeNode.swift */; };
		E040020728B65D8F00250BC3 /* TreeNode.swift in Sources */ = {isa = PBXBuildFile; fileRef = E040020528B65D8F00250BC3 /* TreeNode.swift */; };
		E040020A28B65DCE00250BC3 /* Problem100.swift in Sources */ = {isa = PBXBuildFile; fileRef = E040020928B65DCE00250BC3 /* Problem100.swift */; };
		E040020B28B65DCE00250BC3 /* Problem100.swift in Sources */ = {isa = PBXBuildFile; fileRef = E040020928B65DCE00250BC3 /* Problem100.swift */; };
		E040020F28B661B000250BC3 /* Problems100to199.swift in Sources */ = {isa = PBXBuildFile; fileRef = E040020E28B661B000250BC3 /* Problems100to199.swift */; };
		E040021128B663B900250BC3 /* ProblemSelection1to99.swift in Sources */ = {isa = PBXBuildFile; fileRef = E040021028B663B900250BC3 /* ProblemSelection1to99.swift */; };
		E040021328B6642200250BC3 /* ProblemSelection100to199.swift in Sources */ = {isa = PBXBuildFile; fileRef = E040021228B6642200250BC3 /* ProblemSelection100to199.swift */; };
		E040021528B6646100250BC3 /* ProblemSelection200to299.swift in Sources */ = {isa = PBXBuildFile; fileRef = E040021428B6646100250BC3 /* ProblemSelection200to299.swift */; };
		E040021728B6649D00250BC3 /* ProblemSelection300to399.swift in Sources */ = {isa = PBXBuildFile; fileRef = E040021628B6649D00250BC3 /* ProblemSelection300to399.swift */; };
		E040021928B664D200250BC3 /* ProblemSelection400to499.swift in Sources */ = {isa = PBXBuildFile; fileRef = E040021828B664D200250BC3 /* ProblemSelection400to499.swift */; };
		E040021B28B6650500250BC3 /* ProblemSelection1000to1999.swift in Sources */ = {isa = PBXBuildFile; fileRef = E040021A28B6650500250BC3 /* ProblemSelection1000to1999.swift */; };
		E040021D28B6653C00250BC3 /* ProblemSelection1200to1299.swift in Sources */ = {isa = PBXBuildFile; fileRef = E040021C28B6653C00250BC3 /* ProblemSelection1200to1299.swift */; };
		E040021F28B6975F00250BC3 /* Problem319.swift in Sources */ = {isa = PBXBuildFile; fileRef = E040021E28B6975F00250BC3 /* Problem319.swift */; };
		E040022028B6975F00250BC3 /* Problem319.swift in Sources */ = {isa = PBXBuildFile; fileRef = E040021E28B6975F00250BC3 /* Problem319.swift */; };
		E049C4EF28BE5718004F6724 /* Problem48.swift in Sources */ = {isa = PBXBuildFile; fileRef = E049C4EE28BE5718004F6724 /* Problem48.swift */; };
		E049C4F028BE5718004F6724 /* Problem48.swift in Sources */ = {isa = PBXBuildFile; fileRef = E049C4EE28BE5718004F6724 /* Problem48.swift */; };
		E064BC3E28C16C3400B41914 /* Problem400.swift in Sources */ = {isa = PBXBuildFile; fileRef = E064BC3D28C16C3400B41914 /* Problem400.swift */; };
		E064BC3F28C16C3400B41914 /* Problem400.swift in Sources */ = {isa = PBXBuildFile; fileRef = E064BC3D28C16C3400B41914 /* Problem400.swift */; };
		E064BC4228C1899E00B41914 /* Problem637.swift in Sources */ = {isa = PBXBuildFile; fileRef = E064BC4128C1899E00B41914 /* Problem637.swift */; };
		E064BC4328C1899E00B41914 /* Problem637.swift in Sources */ = {isa = PBXBuildFile; fileRef = E064BC4128C1899E00B41914 /* Problem637.swift */; };
		E064BC4528C189C000B41914 /* ProblemSelection600to699.swift in Sources */ = {isa = PBXBuildFile; fileRef = E064BC4428C189C000B41914 /* ProblemSelection600to699.swift */; };
		E064BC4728C18CE900B41914 /* Problems600to699.swift in Sources */ = {isa = PBXBuildFile; fileRef = E064BC4628C18CE900B41914 /* Problems600to699.swift */; };
		E069D00828B7032D00C46B0D /* Problem200.swift in Sources */ = {isa = PBXBuildFile; fileRef = E069D00728B7032D00C46B0D /* Problem200.swift */; };
		E069D00928B7032D00C46B0D /* Problem200.swift in Sources */ = {isa = PBXBuildFile; fileRef = E069D00728B7032D00C46B0D /* Problem200.swift */; };
		E073B83728BFCAEF0020D699 /* Problem417.swift in Sources */ = {isa = PBXBuildFile; fileRef = E073B83628BFCAEF0020D699 /* Problem417.swift */; };
		E073B83828BFCAEF0020D699 /* Problem417.swift in Sources */ = {isa = PBXBuildFile; fileRef = E073B83628BFCAEF0020D699 /* Problem417.swift */; };
		E073B83B28BFDEDA0020D699 /* ProblemSelection900to999.swift in Sources */ = {isa = PBXBuildFile; fileRef = E073B83A28BFDEDA0020D699 /* ProblemSelection900to999.swift */; };
		E073B83D28BFDEF70020D699 /* Problem942.swift in Sources */ = {isa = PBXBuildFile; fileRef = E073B83C28BFDEF70020D699 /* Problem942.swift */; };
		E073B83E28BFDEF70020D699 /* Problem942.swift in Sources */ = {isa = PBXBuildFile; fileRef = E073B83C28BFDEF70020D699 /* Problem942.swift */; };
		E073B84028BFE12B0020D699 /* Problems900to999.swift in Sources */ = {isa = PBXBuildFile; fileRef = E073B83F28BFE12B0020D699 /* Problems900to999.swift */; };
		E09F8B5928BAF5DC006B1596 /* Problems1300to1399.swift in Sources */ = {isa = PBXBuildFile; fileRef = E09F8B5828BAF5DC006B1596 /* Problems1300to1399.swift */; };
		E0B6A8B128BAAA7600A524D4 /* Problem363.swift in Sources */ = {isa = PBXBuildFile; fileRef = E0B6A8B028BAAA7600A524D4 /* Problem363.swift */; };
		E0B6A8B228BAAA7600A524D4 /* Problem363.swift in Sources */ = {isa = PBXBuildFile; fileRef = E0B6A8B028BAAA7600A524D4 /* Problem363.swift */; };
		E0BB6ECF28B460EF00204705 /* main.swift in Sources */ = {isa = PBXBuildFile; fileRef = E0BB6ECE28B460EF00204705 /* main.swift */; };
		E0BB6ED828B463E800204705 /* Problem1.swift in Sources */ = {isa = PBXBuildFile; fileRef = E0BB6ED728B463E800204705 /* Problem1.swift */; };
		E0BB6EDB28B4665C00204705 /* Problem26.swift in Sources */ = {isa = PBXBuildFile; fileRef = E0BB6EDA28B4665C00204705 /* Problem26.swift */; };
		E0FB910328BBCEC900318B84 /* Problem3.swift in Sources */ = {isa = PBXBuildFile; fileRef = E0FB910228BBCEC900318B84 /* Problem3.swift */; };
		E0FB910428BBCEC900318B84 /* Problem3.swift in Sources */ = {isa = PBXBuildFile; fileRef = E0FB910228BBCEC900318B84 /* Problem3.swift */; };
/* End PBXBuildFile section */

/* Begin PBXCopyFilesBuildPhase section */
		E0BB6EC928B460EF00204705 /* CopyFiles */ = {
			isa = PBXCopyFilesBuildPhase;
			buildActionMask = 2147483647;
			dstPath = /usr/share/man/man1/;
			dstSubfolderSpec = 0;
			files = (
			);
			runOnlyForDeploymentPostprocessing = 1;
		};
/* End PBXCopyFilesBuildPhase section */

/* Begin PBXFileReference section */
		E01A156228B7CDDB0024D191 /* Problem383.swift */ = {isa = PBXFileReference; lastKnownFileType = sourcecode.swift; path = Problem383.swift; sourceTree = "<group>"; };
		E01A156628B7D1BE0024D191 /* ProblemSelection700to799.swift */ = {isa = PBXFileReference; lastKnownFileType = sourcecode.swift; path = ProblemSelection700to799.swift; sourceTree = "<group>"; };
		E01A156828B7D1CB0024D191 /* Problem747.swift */ = {isa = PBXFileReference; lastKnownFileType = sourcecode.swift; path = Problem747.swift; sourceTree = "<group>"; };
		E01A156B28B7D3BB0024D191 /* Problems700to799.swift */ = {isa = PBXFileReference; lastKnownFileType = sourcecode.swift; path = Problems700to799.swift; sourceTree = "<group>"; };
		E01A156E28B7D9B10024D191 /* ProblemSelection2300to2399.swift */ = {isa = PBXFileReference; lastKnownFileType = sourcecode.swift; path = ProblemSelection2300to2399.swift; sourceTree = "<group>"; };
		E01A157128B7D9C30024D191 /* Problem2315.swift */ = {isa = PBXFileReference; lastKnownFileType = sourcecode.swift; path = Problem2315.swift; sourceTree = "<group>"; };
		E01A157428B7DAE10024D191 /* Problems2300to2399.swift */ = {isa = PBXFileReference; lastKnownFileType = sourcecode.swift; path = Problems2300to2399.swift; sourceTree = "<group>"; };
		E025F35628C0E39400DB4973 /* ProblemSelection1400to1499.swift */ = {isa = PBXFileReference; lastKnownFileType = sourcecode.swift; path = ProblemSelection1400to1499.swift; sourceTree = "<group>"; };
		E025F35828C0E3A600DB4973 /* Problem1448.swift */ = {isa = PBXFileReference; lastKnownFileType = sourcecode.swift; path = Problem1448.swift; sourceTree = "<group>"; };
		E025F35B28C0EE6700DB4973 /* Problems1400to1499.swift */ = {isa = PBXFileReference; lastKnownFileType = sourcecode.swift; path = Problems1400to1499.swift; sourceTree = "<group>"; };
		E02BE6A728B5123C006EF502 /* LeetCodeSwiftTests.xctest */ = {isa = PBXFileReference; explicitFileType = wrapper.cfbundle; includeInIndex = 0; path = LeetCodeSwiftTests.xctest; sourceTree = BUILT_PRODUCTS_DIR; };
		E02BE6AE28B51305006EF502 /* LeetCodeSwift.xctestplan */ = {isa = PBXFileReference; lastKnownFileType = text; path = LeetCodeSwift.xctestplan; sourceTree = "<group>"; };
		E02BE6AF28B513B7006EF502 /* Problems1to99.swift */ = {isa = PBXFileReference; lastKnownFileType = sourcecode.swift; path = Problems1to99.swift; sourceTree = "<group>"; };
		E02BE6B628B51726006EF502 /* Problem274.swift */ = {isa = PBXFileReference; lastKnownFileType = sourcecode.swift; path = Problem274.swift; sourceTree = "<group>"; };
		E02BE6B828B517FD006EF502 /* Problems200to299.swift */ = {isa = PBXFileReference; lastKnownFileType = sourcecode.swift; path = Problems200to299.swift; sourceTree = "<group>"; };
		E02BE6BE28B51929006EF502 /* Problem304.swift */ = {isa = PBXFileReference; lastKnownFileType = sourcecode.swift; path = Problem304.swift; sourceTree = "<group>"; };
		E02BE6C028B51A68006EF502 /* Problems300to399.swift */ = {isa = PBXFileReference; lastKnownFileType = sourcecode.swift; path = Problems300to399.swift; sourceTree = "<group>"; };
		E02BE6C328B51B5C006EF502 /* Problem334.swift */ = {isa = PBXFileReference; lastKnownFileType = sourcecode.swift; path = Problem334.swift; sourceTree = "<group>"; };
		E02BE6C628B51D4D006EF502 /* Problem342.swift */ = {isa = PBXFileReference; lastKnownFileType = sourcecode.swift; path = Problem342.swift; sourceTree = "<group>"; };
		E02BE6CA28B51F2D006EF502 /* Problem476.swift */ = {isa = PBXFileReference; lastKnownFileType = sourcecode.swift; path = Problem476.swift; sourceTree = "<group>"; };
		E02BE6D028B52015006EF502 /* Problems400to499.swift */ = {isa = PBXFileReference; lastKnownFileType = sourcecode.swift; path = Problems400to499.swift; sourceTree = "<group>"; };
		E02BE6D328B521A1006EF502 /* ListNode.swift */ = {isa = PBXFileReference; lastKnownFileType = sourcecode.swift; path = ListNode.swift; sourceTree = "<group>"; };
		E02BE6D628B52229006EF502 /* Problem2.swift */ = {isa = PBXFileReference; lastKnownFileType = sourcecode.swift; path = Problem2.swift; sourceTree = "<group>"; };
		E02BE6D928B52A6E006EF502 /* Problem234.swift */ = {isa = PBXFileReference; lastKnownFileType = sourcecode.swift; path = Problem234.swift; sourceTree = "<group>"; };
		E02BE6DC28B52CFB006EF502 /* ListNodeExtensions.swift */ = {isa = PBXFileReference; lastKnownFileType = sourcecode.swift; path = ListNodeExtensions.swift; sourceTree = "<group>"; };
		E030FE8B28BAEC8700B61D7E /* ProblemSelection1300to1399.swift */ = {isa = PBXFileReference; lastKnownFileType = sourcecode.swift; path = ProblemSelection1300to1399.swift; sourceTree = "<group>"; };
		E030FE8D28BAECC900B61D7E /* Problem1329.swift */ = {isa = PBXFileReference; lastKnownFileType = sourcecode.swift; path = Problem1329.swift; sourceTree = "<group>"; };
		E033FA4C28B912A500A64A87 /* ProblemSelection800to899.swift */ = {isa = PBXFileReference; lastKnownFileType = sourcecode.swift; path = ProblemSelection800to899.swift; sourceTree = "<group>"; };
		E033FA4E28B912B800A64A87 /* Problem869.swift */ = {isa = PBXFileReference; lastKnownFileType = sourcecode.swift; path = Problem869.swift; sourceTree = "<group>"; };
		E033FA5128B915E900A64A87 /* Problems800to899.swift */ = {isa = PBXFileReference; lastKnownFileType = sourcecode.swift; path = Problems800to899.swift; sourceTree = "<group>"; };
		E033FA5328B93EFF00A64A87 /* Problem300.swift */ = {isa = PBXFileReference; lastKnownFileType = sourcecode.swift; path = Problem300.swift; sourceTree = "<group>"; };
		E04001EE28B5560200250BC3 /* Problem4.swift */ = {isa = PBXFileReference; lastKnownFileType = sourcecode.swift; path = Problem4.swift; sourceTree = "<group>"; };
		E04001F228B559FD00250BC3 /* Problem1266.swift */ = {isa = PBXFileReference; lastKnownFileType = sourcecode.swift; path = Problem1266.swift; sourceTree = "<group>"; };
		E04001F828B55C1400250BC3 /* Problems1200to1299.swift */ = {isa = PBXFileReference; lastKnownFileType = sourcecode.swift; path = Problems1200to1299.swift; sourceTree = "<group>"; };
		E04001FB28B5B08E00250BC3 /* Problem1044.swift */ = {isa = PBXFileReference; lastKnownFileType = sourcecode.swift; path = Problem1044.swift; sourceTree = "<group>"; };
		E040020028B651CD00250BC3 /* Problems1000to1099.swift */ = {isa = PBXFileReference; lastKnownFileType = sourcecode.swift; path = Problems1000to1099.swift; sourceTree = "<group>"; };
		E040020228B6533600250BC3 /* Problem326.swift */ = {isa = PBXFileReference; lastKnownFileType = sourcecode.swift; path = Problem326.swift; sourceTree = "<group>"; };
		E040020528B65D8F00250BC3 /* TreeNode.swift */ = {isa = PBXFileReference; lastKnownFileType = sourcecode.swift; path = TreeNode.swift; sourceTree = "<group>"; };
		E040020928B65DCE00250BC3 /* Problem100.swift */ = {isa = PBXFileReference; lastKnownFileType = sourcecode.swift; path = Problem100.swift; sourceTree = "<group>"; };
		E040020E28B661B000250BC3 /* Problems100to199.swift */ = {isa = PBXFileReference; lastKnownFileType = sourcecode.swift; path = Problems100to199.swift; sourceTree = "<group>"; };
		E040021028B663B900250BC3 /* ProblemSelection1to99.swift */ = {isa = PBXFileReference; lastKnownFileType = sourcecode.swift; path = ProblemSelection1to99.swift; sourceTree = "<group>"; };
		E040021228B6642200250BC3 /* ProblemSelection100to199.swift */ = {isa = PBXFileReference; lastKnownFileType = sourcecode.swift; path = ProblemSelection100to199.swift; sourceTree = "<group>"; };
		E040021428B6646100250BC3 /* ProblemSelection200to299.swift */ = {isa = PBXFileReference; lastKnownFileType = sourcecode.swift; path = ProblemSelection200to299.swift; sourceTree = "<group>"; };
		E040021628B6649D00250BC3 /* ProblemSelection300to399.swift */ = {isa = PBXFileReference; lastKnownFileType = sourcecode.swift; path = ProblemSelection300to399.swift; sourceTree = "<group>"; };
		E040021828B664D200250BC3 /* ProblemSelection400to499.swift */ = {isa = PBXFileReference; lastKnownFileType = sourcecode.swift; path = ProblemSelection400to499.swift; sourceTree = "<group>"; };
		E040021A28B6650500250BC3 /* ProblemSelection1000to1999.swift */ = {isa = PBXFileReference; lastKnownFileType = sourcecode.swift; path = ProblemSelection1000to1999.swift; sourceTree = "<group>"; };
		E040021C28B6653C00250BC3 /* ProblemSelection1200to1299.swift */ = {isa = PBXFileReference; lastKnownFileType = sourcecode.swift; path = ProblemSelection1200to1299.swift; sourceTree = "<group>"; };
		E040021E28B6975F00250BC3 /* Problem319.swift */ = {isa = PBXFileReference; lastKnownFileType = sourcecode.swift; path = Problem319.swift; sourceTree = "<group>"; };
		E049C4EE28BE5718004F6724 /* Problem48.swift */ = {isa = PBXFileReference; lastKnownFileType = sourcecode.swift; path = Problem48.swift; sourceTree = "<group>"; };
		E064BC3D28C16C3400B41914 /* Problem400.swift */ = {isa = PBXFileReference; lastKnownFileType = sourcecode.swift; path = Problem400.swift; sourceTree = "<group>"; };
		E064BC4128C1899E00B41914 /* Problem637.swift */ = {isa = PBXFileReference; lastKnownFileType = sourcecode.swift; path = Problem637.swift; sourceTree = "<group>"; };
		E064BC4428C189C000B41914 /* ProblemSelection600to699.swift */ = {isa = PBXFileReference; lastKnownFileType = sourcecode.swift; path = ProblemSelection600to699.swift; sourceTree = "<group>"; };
		E064BC4628C18CE900B41914 /* Problems600to699.swift */ = {isa = PBXFileReference; lastKnownFileType = sourcecode.swift; path = Problems600to699.swift; sourceTree = "<group>"; };
		E069D00728B7032D00C46B0D /* Problem200.swift */ = {isa = PBXFileReference; lastKnownFileType = sourcecode.swift; path = Problem200.swift; sourceTree = "<group>"; };
		E073B83628BFCAEF0020D699 /* Problem417.swift */ = {isa = PBXFileReference; lastKnownFileType = sourcecode.swift; path = Problem417.swift; sourceTree = "<group>"; };
		E073B83A28BFDEDA0020D699 /* ProblemSelection900to999.swift */ = {isa = PBXFileReference; lastKnownFileType = sourcecode.swift; path = ProblemSelection900to999.swift; sourceTree = "<group>"; };
		E073B83C28BFDEF70020D699 /* Problem942.swift */ = {isa = PBXFileReference; lastKnownFileType = sourcecode.swift; path = Problem942.swift; sourceTree = "<group>"; };
		E073B83F28BFE12B0020D699 /* Problems900to999.swift */ = {isa = PBXFileReference; lastKnownFileType = sourcecode.swift; path = Problems900to999.swift; sourceTree = "<group>"; };
		E09F8B5828BAF5DC006B1596 /* Problems1300to1399.swift */ = {isa = PBXFileReference; lastKnownFileType = sourcecode.swift; path = Problems1300to1399.swift; sourceTree = "<group>"; };
		E0B6A8B028BAAA7600A524D4 /* Problem363.swift */ = {isa = PBXFileReference; lastKnownFileType = sourcecode.swift; path = Problem363.swift; sourceTree = "<group>"; };
		E0BB6ECB28B460EF00204705 /* LeetCodeSwift */ = {isa = PBXFileReference; explicitFileType = "compiled.mach-o.executable"; includeInIndex = 0; path = LeetCodeSwift; sourceTree = BUILT_PRODUCTS_DIR; };
		E0BB6ECE28B460EF00204705 /* main.swift */ = {isa = PBXFileReference; lastKnownFileType = sourcecode.swift; path = main.swift; sourceTree = "<group>"; };
		E0BB6ED728B463E800204705 /* Problem1.swift */ = {isa = PBXFileReference; lastKnownFileType = sourcecode.swift; path = Problem1.swift; sourceTree = "<group>"; };
		E0BB6EDA28B4665C00204705 /* Problem26.swift */ = {isa = PBXFileReference; lastKnownFileType = sourcecode.swift; path = Problem26.swift; sourceTree = "<group>"; };
		E0FB910228BBCEC900318B84 /* Problem3.swift */ = {isa = PBXFileReference; lastKnownFileType = sourcecode.swift; path = Problem3.swift; sourceTree = "<group>"; };
/* End PBXFileReference section */

/* Begin PBXFrameworksBuildPhase section */
		E02BE6A428B5123C006EF502 /* Frameworks */ = {
			isa = PBXFrameworksBuildPhase;
			buildActionMask = 2147483647;
			files = (
			);
			runOnlyForDeploymentPostprocessing = 0;
		};
		E0BB6EC828B460EF00204705 /* Frameworks */ = {
			isa = PBXFrameworksBuildPhase;
			buildActionMask = 2147483647;
			files = (
			);
			runOnlyForDeploymentPostprocessing = 0;
		};
/* End PBXFrameworksBuildPhase section */

/* Begin PBXGroup section */
		E01A156528B7D19B0024D191 /* 700 to 799 */ = {
			isa = PBXGroup;
			children = (
				E01A156628B7D1BE0024D191 /* ProblemSelection700to799.swift */,
				E01A156828B7D1CB0024D191 /* Problem747.swift */,
			);
			path = "700 to 799";
			sourceTree = "<group>";
		};
		E01A156D28B7D9990024D191 /* 2300 to 2399 */ = {
			isa = PBXGroup;
			children = (
				E01A156E28B7D9B10024D191 /* ProblemSelection2300to2399.swift */,
				E01A157128B7D9C30024D191 /* Problem2315.swift */,
			);
			path = "2300 to 2399";
			sourceTree = "<group>";
		};
		E025F35528C0E37800DB4973 /* 1400 to 1499 */ = {
			isa = PBXGroup;
			children = (
				E025F35628C0E39400DB4973 /* ProblemSelection1400to1499.swift */,
				E025F35828C0E3A600DB4973 /* Problem1448.swift */,
			);
			path = "1400 to 1499";
			sourceTree = "<group>";
		};
		E02BE6A828B5123C006EF502 /* LeetCodeSwiftTests */ = {
			isa = PBXGroup;
			children = (
				E02BE6AE28B51305006EF502 /* LeetCodeSwift.xctestplan */,
				E02BE6AF28B513B7006EF502 /* Problems1to99.swift */,
				E040020E28B661B000250BC3 /* Problems100to199.swift */,
				E02BE6B828B517FD006EF502 /* Problems200to299.swift */,
				E02BE6C028B51A68006EF502 /* Problems300to399.swift */,
				E02BE6D028B52015006EF502 /* Problems400to499.swift */,
				E064BC4628C18CE900B41914 /* Problems600to699.swift */,
				E01A156B28B7D3BB0024D191 /* Problems700to799.swift */,
				E033FA5128B915E900A64A87 /* Problems800to899.swift */,
				E073B83F28BFE12B0020D699 /* Problems900to999.swift */,
				E040020028B651CD00250BC3 /* Problems1000to1099.swift */,
				E04001F828B55C1400250BC3 /* Problems1200to1299.swift */,
				E09F8B5828BAF5DC006B1596 /* Problems1300to1399.swift */,
				E025F35B28C0EE6700DB4973 /* Problems1400to1499.swift */,
				E01A157428B7DAE10024D191 /* Problems2300to2399.swift */,
			);
			path = LeetCodeSwiftTests;
			sourceTree = "<group>";
		};
		E02BE6B528B51713006EF502 /* 200 to 299 */ = {
			isa = PBXGroup;
			children = (
				E040021428B6646100250BC3 /* ProblemSelection200to299.swift */,
				E069D00728B7032D00C46B0D /* Problem200.swift */,
				E02BE6D928B52A6E006EF502 /* Problem234.swift */,
				E02BE6B628B51726006EF502 /* Problem274.swift */,
			);
			path = "200 to 299";
			sourceTree = "<group>";
		};
		E02BE6BD28B51904006EF502 /* 300 to 399 */ = {
			isa = PBXGroup;
			children = (
				E040021628B6649D00250BC3 /* ProblemSelection300to399.swift */,
				E033FA5328B93EFF00A64A87 /* Problem300.swift */,
				E02BE6BE28B51929006EF502 /* Problem304.swift */,
				E040021E28B6975F00250BC3 /* Problem319.swift */,
				E040020228B6533600250BC3 /* Problem326.swift */,
				E02BE6C328B51B5C006EF502 /* Problem334.swift */,
				E02BE6C628B51D4D006EF502 /* Problem342.swift */,
				E0B6A8B028BAAA7600A524D4 /* Problem363.swift */,
				E01A156228B7CDDB0024D191 /* Problem383.swift */,
			);
			path = "300 to 399";
			sourceTree = "<group>";
		};
		E02BE6C928B51F13006EF502 /* 400 to 499 */ = {
			isa = PBXGroup;
			children = (
				E040021828B664D200250BC3 /* ProblemSelection400to499.swift */,
				E064BC3D28C16C3400B41914 /* Problem400.swift */,
				E073B83628BFCAEF0020D699 /* Problem417.swift */,
				E02BE6CA28B51F2D006EF502 /* Problem476.swift */,
			);
			path = "400 to 499";
			sourceTree = "<group>";
		};
		E02BE6D228B52193006EF502 /* Classes */ = {
			isa = PBXGroup;
			children = (
				E02BE6D328B521A1006EF502 /* ListNode.swift */,
				E02BE6DC28B52CFB006EF502 /* ListNodeExtensions.swift */,
				E040020528B65D8F00250BC3 /* TreeNode.swift */,
			);
			path = Classes;
			sourceTree = "<group>";
		};
		E030FE8A28BAEC6900B61D7E /* 1300 to 1399 */ = {
			isa = PBXGroup;
			children = (
				E030FE8B28BAEC8700B61D7E /* ProblemSelection1300to1399.swift */,
				E030FE8D28BAECC900B61D7E /* Problem1329.swift */,
			);
			path = "1300 to 1399";
			sourceTree = "<group>";
		};
		E033FA4B28B9128E00A64A87 /* 800 to 899 */ = {
			isa = PBXGroup;
			children = (
				E033FA4C28B912A500A64A87 /* ProblemSelection800to899.swift */,
				E033FA4E28B912B800A64A87 /* Problem869.swift */,
			);
			path = "800 to 899";
			sourceTree = "<group>";
		};
		E04001F128B559E300250BC3 /* 1200 to 1299 */ = {
			isa = PBXGroup;
			children = (
				E040021C28B6653C00250BC3 /* ProblemSelection1200to1299.swift */,
				E04001F228B559FD00250BC3 /* Problem1266.swift */,
			);
			path = "1200 to 1299";
			sourceTree = "<group>";
		};
		E04001FA28B5B07800250BC3 /* 1000 to 1099 */ = {
			isa = PBXGroup;
			children = (
				E040021A28B6650500250BC3 /* ProblemSelection1000to1999.swift */,
				E04001FB28B5B08E00250BC3 /* Problem1044.swift */,
			);
			path = "1000 to 1099";
			sourceTree = "<group>";
		};
		E040020828B65DBA00250BC3 /* 100 to 199 */ = {
			isa = PBXGroup;
			children = (
				E040021228B6642200250BC3 /* ProblemSelection100to199.swift */,
				E040020928B65DCE00250BC3 /* Problem100.swift */,
			);
			path = "100 to 199";
			sourceTree = "<group>";
		};
		E064BC4028C1898500B41914 /* 600 to 699 */ = {
			isa = PBXGroup;
			children = (
				E064BC4428C189C000B41914 /* ProblemSelection600to699.swift */,
				E064BC4128C1899E00B41914 /* Problem637.swift */,
			);
			path = "600 to 699";
			sourceTree = "<group>";
		};
		E073B83928BFDEBC0020D699 /* 900 to 999 */ = {
			isa = PBXGroup;
			children = (
				E073B83A28BFDEDA0020D699 /* ProblemSelection900to999.swift */,
				E073B83C28BFDEF70020D699 /* Problem942.swift */,
			);
			path = "900 to 999";
			sourceTree = "<group>";
		};
		E0BB6EC228B460EF00204705 = {
			isa = PBXGroup;
			children = (
				E0BB6ECD28B460EF00204705 /* LeetCodeSwift */,
				E02BE6A828B5123C006EF502 /* LeetCodeSwiftTests */,
				E0BB6ECC28B460EF00204705 /* Products */,
			);
			sourceTree = "<group>";
		};
		E0BB6ECC28B460EF00204705 /* Products */ = {
			isa = PBXGroup;
			children = (
				E0BB6ECB28B460EF00204705 /* LeetCodeSwift */,
				E02BE6A728B5123C006EF502 /* LeetCodeSwiftTests.xctest */,
			);
			name = Products;
			sourceTree = "<group>";
		};
		E0BB6ECD28B460EF00204705 /* LeetCodeSwift */ = {
			isa = PBXGroup;
			children = (
				E02BE6D228B52193006EF502 /* Classes */,
				E0BB6ED928B465BE00204705 /* 1 to 99 */,
				E040020828B65DBA00250BC3 /* 100 to 199 */,
				E02BE6B528B51713006EF502 /* 200 to 299 */,
				E02BE6BD28B51904006EF502 /* 300 to 399 */,
				E02BE6C928B51F13006EF502 /* 400 to 499 */,
				E064BC4028C1898500B41914 /* 600 to 699 */,
				E01A156528B7D19B0024D191 /* 700 to 799 */,
				E033FA4B28B9128E00A64A87 /* 800 to 899 */,
				E073B83928BFDEBC0020D699 /* 900 to 999 */,
				E04001FA28B5B07800250BC3 /* 1000 to 1099 */,
				E04001F128B559E300250BC3 /* 1200 to 1299 */,
				E030FE8A28BAEC6900B61D7E /* 1300 to 1399 */,
				E025F35528C0E37800DB4973 /* 1400 to 1499 */,
				E01A156D28B7D9990024D191 /* 2300 to 2399 */,
				E0BB6ECE28B460EF00204705 /* main.swift */,
			);
			path = LeetCodeSwift;
			sourceTree = "<group>";
		};
		E0BB6ED928B465BE00204705 /* 1 to 99 */ = {
			isa = PBXGroup;
			children = (
				E040021028B663B900250BC3 /* ProblemSelection1to99.swift */,
				E0BB6ED728B463E800204705 /* Problem1.swift */,
				E02BE6D628B52229006EF502 /* Problem2.swift */,
				E0FB910228BBCEC900318B84 /* Problem3.swift */,
				E04001EE28B5560200250BC3 /* Problem4.swift */,
				E0BB6EDA28B4665C00204705 /* Problem26.swift */,
				E049C4EE28BE5718004F6724 /* Problem48.swift */,
			);
			path = "1 to 99";
			sourceTree = "<group>";
		};
/* End PBXGroup section */

/* Begin PBXNativeTarget section */
		E02BE6A628B5123C006EF502 /* LeetCodeSwiftTests */ = {
			isa = PBXNativeTarget;
			buildConfigurationList = E02BE6AD28B5123C006EF502 /* Build configuration list for PBXNativeTarget "LeetCodeSwiftTests" */;
			buildPhases = (
				E02BE6A328B5123C006EF502 /* Sources */,
				E02BE6A428B5123C006EF502 /* Frameworks */,
				E02BE6A528B5123C006EF502 /* Resources */,
			);
			buildRules = (
			);
			dependencies = (
			);
			name = LeetCodeSwiftTests;
			productName = LeetCodeSwiftTests;
			productReference = E02BE6A728B5123C006EF502 /* LeetCodeSwiftTests.xctest */;
			productType = "com.apple.product-type.bundle.unit-test";
		};
		E0BB6ECA28B460EF00204705 /* LeetCodeSwift */ = {
			isa = PBXNativeTarget;
			buildConfigurationList = E0BB6ED228B460EF00204705 /* Build configuration list for PBXNativeTarget "LeetCodeSwift" */;
			buildPhases = (
				E0BB6EC728B460EF00204705 /* Sources */,
				E0BB6EC828B460EF00204705 /* Frameworks */,
				E0BB6EC928B460EF00204705 /* CopyFiles */,
			);
			buildRules = (
			);
			dependencies = (
			);
			name = LeetCodeSwift;
			productName = LeetCodeSwift;
			productReference = E0BB6ECB28B460EF00204705 /* LeetCodeSwift */;
			productType = "com.apple.product-type.tool";
		};
/* End PBXNativeTarget section */

/* Begin PBXProject section */
		E0BB6EC328B460EF00204705 /* Project object */ = {
			isa = PBXProject;
			attributes = {
				BuildIndependentTargetsInParallel = 1;
				LastSwiftUpdateCheck = 1340;
				LastUpgradeCheck = 1340;
				TargetAttributes = {
					E02BE6A628B5123C006EF502 = {
						CreatedOnToolsVersion = 13.4.1;
					};
					E0BB6ECA28B460EF00204705 = {
						CreatedOnToolsVersion = 13.4.1;
					};
				};
			};
			buildConfigurationList = E0BB6EC628B460EF00204705 /* Build configuration list for PBXProject "LeetCodeSwift" */;
			compatibilityVersion = "Xcode 13.0";
			developmentRegion = en;
			hasScannedForEncodings = 0;
			knownRegions = (
				en,
				Base,
			);
			mainGroup = E0BB6EC228B460EF00204705;
			productRefGroup = E0BB6ECC28B460EF00204705 /* Products */;
			projectDirPath = "";
			projectRoot = "";
			targets = (
				E0BB6ECA28B460EF00204705 /* LeetCodeSwift */,
				E02BE6A628B5123C006EF502 /* LeetCodeSwiftTests */,
			);
		};
/* End PBXProject section */

/* Begin PBXResourcesBuildPhase section */
		E02BE6A528B5123C006EF502 /* Resources */ = {
			isa = PBXResourcesBuildPhase;
			buildActionMask = 2147483647;
			files = (
			);
			runOnlyForDeploymentPostprocessing = 0;
		};
/* End PBXResourcesBuildPhase section */

/* Begin PBXSourcesBuildPhase section */
		E02BE6A328B5123C006EF502 /* Sources */ = {
			isa = PBXSourcesBuildPhase;
			buildActionMask = 2147483647;
			files = (
				E073B84028BFE12B0020D699 /* Problems900to999.swift in Sources */,
				E030FE8F28BAECC900B61D7E /* Problem1329.swift in Sources */,
				E033FA5228B915E900A64A87 /* Problems800to899.swift in Sources */,
				E073B83E28BFDEF70020D699 /* Problem942.swift in Sources */,
				E01A157328B7D9C30024D191 /* Problem2315.swift in Sources */,
				E049C4F028BE5718004F6724 /* Problem48.swift in Sources */,
				E04001F928B55C1400250BC3 /* Problems1200to1299.swift in Sources */,
				E040020B28B65DCE00250BC3 /* Problem100.swift in Sources */,
				E033FA5028B912B800A64A87 /* Problem869.swift in Sources */,
				E02BE6B128B513E7006EF502 /* Problem1.swift in Sources */,
				E025F35C28C0EE6700DB4973 /* Problems1400to1499.swift in Sources */,
				E02BE6D128B52015006EF502 /* Problems400to499.swift in Sources */,
				E02BE6B028B513B7006EF502 /* Problems1to99.swift in Sources */,
				E02BE6B928B517FD006EF502 /* Problems200to299.swift in Sources */,
				E02BE6B228B513E9006EF502 /* Problem26.swift in Sources */,
				E064BC3F28C16C3400B41914 /* Problem400.swift in Sources */,
				E040022028B6975F00250BC3 /* Problem319.swift in Sources */,
				E033FA5528B93EFF00A64A87 /* Problem300.swift in Sources */,
				E069D00928B7032D00C46B0D /* Problem200.swift in Sources */,
				E02BE6C128B51A68006EF502 /* Problems300to399.swift in Sources */,
				E025F35A28C0E3A900DB4973 /* Problem1448.swift in Sources */,
				E073B83828BFCAEF0020D699 /* Problem417.swift in Sources */,
				E02BE6BA28B51800006EF502 /* Problem274.swift in Sources */,
				E01A156428B7CDDB0024D191 /* Problem383.swift in Sources */,
				E064BC4728C18CE900B41914 /* Problems600to699.swift in Sources */,
				E064BC4328C1899E00B41914 /* Problem637.swift in Sources */,
				E02BE6C828B51EAF006EF502 /* Problem342.swift in Sources */,
				E02BE6D828B52229006EF502 /* Problem2.swift in Sources */,
				E040020128B651CD00250BC3 /* Problems1000to1099.swift in Sources */,
				E02BE6CC28B51F2D006EF502 /* Problem476.swift in Sources */,
				E02BE6DE28B52CFB006EF502 /* ListNodeExtensions.swift in Sources */,
				E02BE6C528B51CAD006EF502 /* Problem334.swift in Sources */,
				E04001F428B559FE00250BC3 /* Problem1266.swift in Sources */,
				E02BE6C228B51A6A006EF502 /* Problem304.swift in Sources */,
				E02BE6D528B521A1006EF502 /* ListNode.swift in Sources */,
				E040020728B65D8F00250BC3 /* TreeNode.swift in Sources */,
				E040020428B6553400250BC3 /* Problem326.swift in Sources */,
				E01A156C28B7D3BB0024D191 /* Problems700to799.swift in Sources */,
				E0FB910428BBCEC900318B84 /* Problem3.swift in Sources */,
				E01A157528B7DAE10024D191 /* Problems2300to2399.swift in Sources */,
				E040020F28B661B000250BC3 /* Problems100to199.swift in Sources */,
				E04001F028B5560200250BC3 /* Problem4.swift in Sources */,
				E02BE6DB28B52A6E006EF502 /* Problem234.swift in Sources */,
				E0B6A8B228BAAA7600A524D4 /* Problem363.swift in Sources */,
				E01A156A28B7D1CB0024D191 /* Problem747.swift in Sources */,
				E09F8B5928BAF5DC006B1596 /* Problems1300to1399.swift in Sources */,
				E04001FD28B5B08E00250BC3 /* Problem1044.swift in Sources */,
			);
			runOnlyForDeploymentPostprocessing = 0;
		};
		E0BB6EC728B460EF00204705 /* Sources */ = {
			isa = PBXSourcesBuildPhase;
			buildActionMask = 2147483647;
			files = (
				E030FE8E28BAECC900B61D7E /* Problem1329.swift in Sources */,
				E04001F328B559FE00250BC3 /* Problem1266.swift in Sources */,
				E033FA4F28B912B800A64A87 /* Problem869.swift in Sources */,
				E04001EF28B5560200250BC3 /* Problem4.swift in Sources */,
				E033FA4D28B912A500A64A87 /* ProblemSelection800to899.swift in Sources */,
				E0B6A8B128BAAA7600A524D4 /* Problem363.swift in Sources */,
				E02BE6B728B51726006EF502 /* Problem274.swift in Sources */,
				E02BE6BF28B51929006EF502 /* Problem304.swift in Sources */,
				E064BC4228C1899E00B41914 /* Problem637.swift in Sources */,
				E040020628B65D8F00250BC3 /* TreeNode.swift in Sources */,
				E040021F28B6975F00250BC3 /* Problem319.swift in Sources */,
				E040021B28B6650500250BC3 /* ProblemSelection1000to1999.swift in Sources */,
				E02BE6DD28B52CFB006EF502 /* ListNodeExtensions.swift in Sources */,
				E01A157228B7D9C30024D191 /* Problem2315.swift in Sources */,
				E033FA5428B93EFF00A64A87 /* Problem300.swift in Sources */,
				E02BE6DA28B52A6E006EF502 /* Problem234.swift in Sources */,
				E049C4EF28BE5718004F6724 /* Problem48.swift in Sources */,
				E064BC4528C189C000B41914 /* ProblemSelection600to699.swift in Sources */,
				E02BE6C728B51D4D006EF502 /* Problem342.swift in Sources */,
				E01A156928B7D1CB0024D191 /* Problem747.swift in Sources */,
				E040020A28B65DCE00250BC3 /* Problem100.swift in Sources */,
				E0BB6ECF28B460EF00204705 /* main.swift in Sources */,
				E040020328B6533600250BC3 /* Problem326.swift in Sources */,
				E02BE6D728B52229006EF502 /* Problem2.swift in Sources */,
				E01A156328B7CDDB0024D191 /* Problem383.swift in Sources */,
				E01A156728B7D1BE0024D191 /* ProblemSelection700to799.swift in Sources */,
				E025F35928C0E3A600DB4973 /* Problem1448.swift in Sources */,
				E04001FC28B5B08E00250BC3 /* Problem1044.swift in Sources */,
				E0FB910328BBCEC900318B84 /* Problem3.swift in Sources */,
				E040021128B663B900250BC3 /* ProblemSelection1to99.swift in Sources */,
				E073B83728BFCAEF0020D699 /* Problem417.swift in Sources */,
				E01A156F28B7D9B10024D191 /* ProblemSelection2300to2399.swift in Sources */,
				E073B83B28BFDEDA0020D699 /* ProblemSelection900to999.swift in Sources */,
				E040021D28B6653C00250BC3 /* ProblemSelection1200to1299.swift in Sources */,
				E040021928B664D200250BC3 /* ProblemSelection400to499.swift in Sources */,
				E030FE8C28BAEC8700B61D7E /* ProblemSelection1300to1399.swift in Sources */,
				E02BE6D428B521A1006EF502 /* ListNode.swift in Sources */,
				E040021728B6649D00250BC3 /* ProblemSelection300to399.swift in Sources */,
				E0BB6ED828B463E800204705 /* Problem1.swift in Sources */,
				E040021528B6646100250BC3 /* ProblemSelection200to299.swift in Sources */,
				E02BE6C428B51B5C006EF502 /* Problem334.swift in Sources */,
				E069D00828B7032D00C46B0D /* Problem200.swift in Sources */,
				E073B83D28BFDEF70020D699 /* Problem942.swift in Sources */,
				E040021328B6642200250BC3 /* ProblemSelection100to199.swift in Sources */,
				E02BE6CB28B51F2D006EF502 /* Problem476.swift in Sources */,
				E025F35728C0E39400DB4973 /* ProblemSelection1400to1499.swift in Sources */,
				E064BC3E28C16C3400B41914 /* Problem400.swift in Sources */,
				E0BB6EDB28B4665C00204705 /* Problem26.swift in Sources */,
			);
			runOnlyForDeploymentPostprocessing = 0;
		};
/* End PBXSourcesBuildPhase section */

/* Begin XCBuildConfiguration section */
		E02BE6AB28B5123C006EF502 /* Debug */ = {
			isa = XCBuildConfiguration;
			buildSettings = {
				CODE_SIGN_STYLE = Automatic;
				CURRENT_PROJECT_VERSION = 1;
				GENERATE_INFOPLIST_FILE = YES;
				MARKETING_VERSION = 1.0;
				PRODUCT_BUNDLE_IDENTIFIER = com.wave39.LeetCodeSwiftTests;
				PRODUCT_NAME = "$(TARGET_NAME)";
				SWIFT_EMIT_LOC_STRINGS = NO;
				SWIFT_VERSION = 5.0;
			};
			name = Debug;
		};
		E02BE6AC28B5123C006EF502 /* Release */ = {
			isa = XCBuildConfiguration;
			buildSettings = {
				CODE_SIGN_STYLE = Automatic;
				CURRENT_PROJECT_VERSION = 1;
				GENERATE_INFOPLIST_FILE = YES;
				MARKETING_VERSION = 1.0;
				PRODUCT_BUNDLE_IDENTIFIER = com.wave39.LeetCodeSwiftTests;
				PRODUCT_NAME = "$(TARGET_NAME)";
				SWIFT_EMIT_LOC_STRINGS = NO;
				SWIFT_VERSION = 5.0;
			};
			name = Release;
		};
		E0BB6ED028B460EF00204705 /* Debug */ = {
			isa = XCBuildConfiguration;
			buildSettings = {
				ALWAYS_SEARCH_USER_PATHS = NO;
				CLANG_ANALYZER_NONNULL = YES;
				CLANG_ANALYZER_NUMBER_OBJECT_CONVERSION = YES_AGGRESSIVE;
				CLANG_CXX_LANGUAGE_STANDARD = "gnu++17";
				CLANG_ENABLE_MODULES = YES;
				CLANG_ENABLE_OBJC_ARC = YES;
				CLANG_ENABLE_OBJC_WEAK = YES;
				CLANG_WARN_BLOCK_CAPTURE_AUTORELEASING = YES;
				CLANG_WARN_BOOL_CONVERSION = YES;
				CLANG_WARN_COMMA = YES;
				CLANG_WARN_CONSTANT_CONVERSION = YES;
				CLANG_WARN_DEPRECATED_OBJC_IMPLEMENTATIONS = YES;
				CLANG_WARN_DIRECT_OBJC_ISA_USAGE = YES_ERROR;
				CLANG_WARN_DOCUMENTATION_COMMENTS = YES;
				CLANG_WARN_EMPTY_BODY = YES;
				CLANG_WARN_ENUM_CONVERSION = YES;
				CLANG_WARN_INFINITE_RECURSION = YES;
				CLANG_WARN_INT_CONVERSION = YES;
				CLANG_WARN_NON_LITERAL_NULL_CONVERSION = YES;
				CLANG_WARN_OBJC_IMPLICIT_RETAIN_SELF = YES;
				CLANG_WARN_OBJC_LITERAL_CONVERSION = YES;
				CLANG_WARN_OBJC_ROOT_CLASS = YES_ERROR;
				CLANG_WARN_QUOTED_INCLUDE_IN_FRAMEWORK_HEADER = YES;
				CLANG_WARN_RANGE_LOOP_ANALYSIS = YES;
				CLANG_WARN_STRICT_PROTOTYPES = YES;
				CLANG_WARN_SUSPICIOUS_MOVE = YES;
				CLANG_WARN_UNGUARDED_AVAILABILITY = YES_AGGRESSIVE;
				CLANG_WARN_UNREACHABLE_CODE = YES;
				CLANG_WARN__DUPLICATE_METHOD_MATCH = YES;
				COPY_PHASE_STRIP = NO;
				DEBUG_INFORMATION_FORMAT = dwarf;
				ENABLE_STRICT_OBJC_MSGSEND = YES;
				ENABLE_TESTABILITY = YES;
				GCC_C_LANGUAGE_STANDARD = gnu11;
				GCC_DYNAMIC_NO_PIC = NO;
				GCC_NO_COMMON_BLOCKS = YES;
				GCC_OPTIMIZATION_LEVEL = 0;
				GCC_PREPROCESSOR_DEFINITIONS = (
					"DEBUG=1",
					"$(inherited)",
				);
				GCC_WARN_64_TO_32_BIT_CONVERSION = YES;
				GCC_WARN_ABOUT_RETURN_TYPE = YES_ERROR;
				GCC_WARN_UNDECLARED_SELECTOR = YES;
				GCC_WARN_UNINITIALIZED_AUTOS = YES_AGGRESSIVE;
				GCC_WARN_UNUSED_FUNCTION = YES;
				GCC_WARN_UNUSED_VARIABLE = YES;
				MACOSX_DEPLOYMENT_TARGET = 12.3;
				MTL_ENABLE_DEBUG_INFO = INCLUDE_SOURCE;
				MTL_FAST_MATH = YES;
				ONLY_ACTIVE_ARCH = YES;
				SDKROOT = macosx;
				SWIFT_ACTIVE_COMPILATION_CONDITIONS = DEBUG;
				SWIFT_OPTIMIZATION_LEVEL = "-Onone";
			};
			name = Debug;
		};
		E0BB6ED128B460EF00204705 /* Release */ = {
			isa = XCBuildConfiguration;
			buildSettings = {
				ALWAYS_SEARCH_USER_PATHS = NO;
				CLANG_ANALYZER_NONNULL = YES;
				CLANG_ANALYZER_NUMBER_OBJECT_CONVERSION = YES_AGGRESSIVE;
				CLANG_CXX_LANGUAGE_STANDARD = "gnu++17";
				CLANG_ENABLE_MODULES = YES;
				CLANG_ENABLE_OBJC_ARC = YES;
				CLANG_ENABLE_OBJC_WEAK = YES;
				CLANG_WARN_BLOCK_CAPTURE_AUTORELEASING = YES;
				CLANG_WARN_BOOL_CONVERSION = YES;
				CLANG_WARN_COMMA = YES;
				CLANG_WARN_CONSTANT_CONVERSION = YES;
				CLANG_WARN_DEPRECATED_OBJC_IMPLEMENTATIONS = YES;
				CLANG_WARN_DIRECT_OBJC_ISA_USAGE = YES_ERROR;
				CLANG_WARN_DOCUMENTATION_COMMENTS = YES;
				CLANG_WARN_EMPTY_BODY = YES;
				CLANG_WARN_ENUM_CONVERSION = YES;
				CLANG_WARN_INFINITE_RECURSION = YES;
				CLANG_WARN_INT_CONVERSION = YES;
				CLANG_WARN_NON_LITERAL_NULL_CONVERSION = YES;
				CLANG_WARN_OBJC_IMPLICIT_RETAIN_SELF = YES;
				CLANG_WARN_OBJC_LITERAL_CONVERSION = YES;
				CLANG_WARN_OBJC_ROOT_CLASS = YES_ERROR;
				CLANG_WARN_QUOTED_INCLUDE_IN_FRAMEWORK_HEADER = YES;
				CLANG_WARN_RANGE_LOOP_ANALYSIS = YES;
				CLANG_WARN_STRICT_PROTOTYPES = YES;
				CLANG_WARN_SUSPICIOUS_MOVE = YES;
				CLANG_WARN_UNGUARDED_AVAILABILITY = YES_AGGRESSIVE;
				CLANG_WARN_UNREACHABLE_CODE = YES;
				CLANG_WARN__DUPLICATE_METHOD_MATCH = YES;
				COPY_PHASE_STRIP = NO;
				DEBUG_INFORMATION_FORMAT = "dwarf-with-dsym";
				ENABLE_NS_ASSERTIONS = NO;
				ENABLE_STRICT_OBJC_MSGSEND = YES;
				GCC_C_LANGUAGE_STANDARD = gnu11;
				GCC_NO_COMMON_BLOCKS = YES;
				GCC_WARN_64_TO_32_BIT_CONVERSION = YES;
				GCC_WARN_ABOUT_RETURN_TYPE = YES_ERROR;
				GCC_WARN_UNDECLARED_SELECTOR = YES;
				GCC_WARN_UNINITIALIZED_AUTOS = YES_AGGRESSIVE;
				GCC_WARN_UNUSED_FUNCTION = YES;
				GCC_WARN_UNUSED_VARIABLE = YES;
				MACOSX_DEPLOYMENT_TARGET = 12.3;
				MTL_ENABLE_DEBUG_INFO = NO;
				MTL_FAST_MATH = YES;
				SDKROOT = macosx;
				SWIFT_COMPILATION_MODE = wholemodule;
				SWIFT_OPTIMIZATION_LEVEL = "-O";
			};
			name = Release;
		};
		E0BB6ED328B460EF00204705 /* Debug */ = {
			isa = XCBuildConfiguration;
			buildSettings = {
				CODE_SIGN_STYLE = Automatic;
				PRODUCT_NAME = "$(TARGET_NAME)";
				SWIFT_VERSION = 5.0;
			};
			name = Debug;
		};
		E0BB6ED428B460EF00204705 /* Release */ = {
			isa = XCBuildConfiguration;
			buildSettings = {
				CODE_SIGN_STYLE = Automatic;
				PRODUCT_NAME = "$(TARGET_NAME)";
				SWIFT_VERSION = 5.0;
			};
			name = Release;
		};
/* End XCBuildConfiguration section */

/* Begin XCConfigurationList section */
		E02BE6AD28B5123C006EF502 /* Build configuration list for PBXNativeTarget "LeetCodeSwiftTests" */ = {
			isa = XCConfigurationList;
			buildConfigurations = (
				E02BE6AB28B5123C006EF502 /* Debug */,
				E02BE6AC28B5123C006EF502 /* Release */,
			);
			defaultConfigurationIsVisible = 0;
			defaultConfigurationName = Release;
		};
		E0BB6EC628B460EF00204705 /* Build configuration list for PBXProject "LeetCodeSwift" */ = {
			isa = XCConfigurationList;
			buildConfigurations = (
				E0BB6ED028B460EF00204705 /* Debug */,
				E0BB6ED128B460EF00204705 /* Release */,
			);
			defaultConfigurationIsVisible = 0;
			defaultConfigurationName = Release;
		};
		E0BB6ED228B460EF00204705 /* Build configuration list for PBXNativeTarget "LeetCodeSwift" */ = {
			isa = XCConfigurationList;
			buildConfigurations = (
				E0BB6ED328B460EF00204705 /* Debug */,
				E0BB6ED428B460EF00204705 /* Release */,
			);
			defaultConfigurationIsVisible = 0;
			defaultConfigurationName = Release;
		};
/* End XCConfigurationList section */
	};
	rootObject = E0BB6EC328B460EF00204705 /* Project object */;
}
